
Microsoft Visual Studio Solution File, Format Version 12.00
# Visual Studio Version 16
VisualStudioVersion = 16.0.29911.84
MinimumVisualStudioVersion = 10.0.40219.1
Project("{E24C65DC-7377-472B-9ABA-BC803B73C61A}") = "WCFService1", "WCFService1\", "{16388AC5-BF1B-49F7-826F-C6A5E306B57C}"
	ProjectSection(WebsiteProperties) = preProject
		TargetFrameworkMoniker = ".NETFramework,Version%3Dv4.7.2"
		Debug.AspNetCompiler.VirtualPath = "/localhost_54974"
		Debug.AspNetCompiler.PhysicalPath = "WCFService1\"
		Debug.AspNetCompiler.TargetPath = "PrecompiledWeb\localhost_54974\"
		Debug.AspNetCompiler.Updateable = "true"
		Debug.AspNetCompiler.ForceOverwrite = "true"
		Debug.AspNetCompiler.FixedNames = "false"
		Debug.AspNetCompiler.Debug = "True"
		Release.AspNetCompiler.VirtualPath = "/localhost_54974"
		Release.AspNetCompiler.PhysicalPath = "WCFService1\"
		Release.AspNetCompiler.TargetPath = "PrecompiledWeb\localhost_54974\"
		Release.AspNetCompiler.Updateable = "true"
		Release.AspNetCompiler.ForceOverwrite = "true"
		Release.AspNetCompiler.FixedNames = "false"
		Release.AspNetCompiler.Debug = "False"
		VWDPort = "54974"
		SlnRelativePath = "WCFService1\"
		DefaultWebSiteLanguage = "Visual C#"
	EndProjectSection
EndProject
Project("{FAE04EC0-301F-11D3-BF4B-00C04F79EFBC}") = "pclient", "pclient\pclient.csproj", "{63844A7E-B2C1-4C6A-B329-BCBC49A687A0}"
	ProjectSection(ProjectDependencies) = postProject
		{16388AC5-BF1B-49F7-826F-C6A5E306B57C} = {16388AC5-BF1B-49F7-826F-C6A5E306B57C}
	EndProjectSection
EndProject
Global
	GlobalSection(SolutionConfigurationPlatforms) = preSolution
		Debug|Any CPU = Debug|Any CPU
		Release|Any CPU = Release|Any CPU
	EndGlobalSection
	GlobalSection(ProjectConfigurationPlatforms) = postSolution
		{16388AC5-BF1B-49F7-826F-C6A5E306B57C}.Debug|Any CPU.ActiveCfg = Debug|Any CPU
		{16388AC5-BF1B-49F7-826F-C6A5E306B57C}.Debug|Any CPU.Build.0 = Debug|Any CPU
		{16388AC5-BF1B-49F7-826F-C6A5E306B57C}.Release|Any CPU.ActiveCfg = Debug|Any CPU
		{16388AC5-BF1B-49F7-826F-C6A5E306B57C}.Release|Any CPU.Build.0 = Debug|Any CPU
		{63844A7E-B2C1-4C6A-B329-BCBC49A687A0}.Debug|Any CPU.ActiveCfg = Debug|Any CPU
		{63844A7E-B2C1-4C6A-B329-BCBC49A687A0}.Debug|Any CPU.Build.0 = Debug|Any CPU
		{63844A7E-B2C1-4C6A-B329-BCBC49A687A0}.Release|Any CPU.ActiveCfg = Release|Any CPU
		{63844A7E-B2C1-4C6A-B329-BCBC49A687A0}.Release|Any CPU.Build.0 = Release|Any CPU
	EndGlobalSection
	GlobalSection(SolutionProperties) = preSolution
		HideSolutionNode = FALSE
	EndGlobalSection
	GlobalSection(ExtensibilityGlobals) = postSolution
		SolutionGuid = {14DB2814-F671-4880-AC97-18D61D45441F}
	EndGlobalSection
EndGlobal
